// !$*UTF8*$!
{
	archiveVersion = 1;
	classes = {
	};
	objectVersion = 50;
	objects = {

/* Begin PBXBuildFile section */
		FA22278327FF5D230024067C /* DefaultSensors.swift in Sources */ = {isa = PBXBuildFile; fileRef = FA22278227FF5D230024067C /* DefaultSensors.swift */; };
		FA22278627FF90C80024067C /* RSSISignalStrength.swift in Sources */ = {isa = PBXBuildFile; fileRef = FA22278527FF90C80024067C /* RSSISignalStrength.swift */; };
		FA22D8C12602586900D3849C /* YeehawApp.swift in Sources */ = {isa = PBXBuildFile; fileRef = FA22D8C02602586900D3849C /* YeehawApp.swift */; };
		FA22D8C32602586900D3849C /* ContentView.swift in Sources */ = {isa = PBXBuildFile; fileRef = FA22D8C22602586900D3849C /* ContentView.swift */; };
		FA22D8C52602586A00D3849C /* Assets.xcassets in Resources */ = {isa = PBXBuildFile; fileRef = FA22D8C42602586A00D3849C /* Assets.xcassets */; };
		FA22D8C82602586A00D3849C /* Preview Assets.xcassets in Resources */ = {isa = PBXBuildFile; fileRef = FA22D8C72602586A00D3849C /* Preview Assets.xcassets */; };
		FA22D8D126025AEA00D3849C /* StartWorkoutButton.swift in Sources */ = {isa = PBXBuildFile; fileRef = FA22D8D026025AEA00D3849C /* StartWorkoutButton.swift */; };
		FA22D8DC260276D200D3849C /* BluetoothSensorView.swift in Sources */ = {isa = PBXBuildFile; fileRef = FA22D8DB260276D200D3849C /* BluetoothSensorView.swift */; };
		FA22D8DF26027CE500D3849C /* MapView.swift in Sources */ = {isa = PBXBuildFile; fileRef = FA22D8DE26027CE500D3849C /* MapView.swift */; };
		FA3AFE9826137ED700B2755E /* LinkedSensorsView.swift in Sources */ = {isa = PBXBuildFile; fileRef = FA3AFE9726137ED700B2755E /* LinkedSensorsView.swift */; };
		FA3AFE9B2613AE0300B2755E /* NewSensorListView.swift in Sources */ = {isa = PBXBuildFile; fileRef = FA3AFE9A2613AE0300B2755E /* NewSensorListView.swift */; };
		FA3AFE9F2613B03B00B2755E /* BLEManager.swift in Sources */ = {isa = PBXBuildFile; fileRef = FA3AFE9E2613B03B00B2755E /* BLEManager.swift */; };
		FA3AFEA22613CA5F00B2755E /* AddNewSensorView.swift in Sources */ = {isa = PBXBuildFile; fileRef = FA3AFEA12613CA5F00B2755E /* AddNewSensorView.swift */; };
		FA4CF79A286A9DD800AC071C /* SensorView.swift in Sources */ = {isa = PBXBuildFile; fileRef = FA4CF799286A9DD800AC071C /* SensorView.swift */; };
		FA4CF79C286AA2A700AC071C /* ColorHex.swift in Sources */ = {isa = PBXBuildFile; fileRef = FA4CF79B286AA2A700AC071C /* ColorHex.swift */; };
		FA4CF79E286AB91200AC071C /* SensorGrid.swift in Sources */ = {isa = PBXBuildFile; fileRef = FA4CF79D286AB91200AC071C /* SensorGrid.swift */; };
		FA5B89A428049D9200229829 /* SensorSettings.swift in Sources */ = {isa = PBXBuildFile; fileRef = FA5B89A328049D9200229829 /* SensorSettings.swift */; };
		FA6BE0EF286B9C9500B37C29 /* StartView.swift in Sources */ = {isa = PBXBuildFile; fileRef = FA6BE0EE286B9C9500B37C29 /* StartView.swift */; };
		FA6BE0F1286BC6FE00B37C29 /* TransitionView.swift in Sources */ = {isa = PBXBuildFile; fileRef = FA6BE0F0286BC6FE00B37C29 /* TransitionView.swift */; };
		FA6BE0F3286BC9EB00B37C29 /* ActiveWorkoutView.swift in Sources */ = {isa = PBXBuildFile; fileRef = FA6BE0F2286BC9EB00B37C29 /* ActiveWorkoutView.swift */; };
		FA6F989D261BAF9E00A1B905 /* StopWatchManager.swift in Sources */ = {isa = PBXBuildFile; fileRef = FA6F989C261BAF9E00A1B905 /* StopWatchManager.swift */; };
		FA735C192620FC130057A951 /* MainView.swift in Sources */ = {isa = PBXBuildFile; fileRef = FA735C182620FC130057A951 /* MainView.swift */; };
		FA735C1C2620FDD20057A951 /* History.swift in Sources */ = {isa = PBXBuildFile; fileRef = FA735C1B2620FDD20057A951 /* History.swift */; };
		FA735C1F2620FE3C0057A951 /* Profile.swift in Sources */ = {isa = PBXBuildFile; fileRef = FA735C1E2620FE3C0057A951 /* Profile.swift */; };
		FA735C222620FEA10057A951 /* Settings.swift in Sources */ = {isa = PBXBuildFile; fileRef = FA735C212620FEA10057A951 /* Settings.swift */; };
		FA771077261E7C690028EAF3 /* LocationHelper.swift in Sources */ = {isa = PBXBuildFile; fileRef = FA771076261E7C690028EAF3 /* LocationHelper.swift */; };
		FA77107A261E7D080028EAF3 /* HealthKitManager.swift in Sources */ = {isa = PBXBuildFile; fileRef = FA771079261E7D080028EAF3 /* HealthKitManager.swift */; };
		FA771081261EB12F0028EAF3 /* LittleBox.swift in Sources */ = {isa = PBXBuildFile; fileRef = FA771080261EB12F0028EAF3 /* LittleBox.swift */; };
		FAAF11C12616781D003FA489 /* AddNewSensorAnimation.swift in Sources */ = {isa = PBXBuildFile; fileRef = FAAF11C02616781D003FA489 /* AddNewSensorAnimation.swift */; };
		FAAF11C4261691B4003FA489 /* SaveSensorView.swift in Sources */ = {isa = PBXBuildFile; fileRef = FAAF11C3261691B4003FA489 /* SaveSensorView.swift */; };
		FAB0131D261A75170048BC0C /* HealthKit.framework in Frameworks */ = {isa = PBXBuildFile; fileRef = FAB0131C261A75170048BC0C /* HealthKit.framework */; };
		FAB4962F2602C3B600EC6917 /* MapViewModel.swift in Sources */ = {isa = PBXBuildFile; fileRef = FAB4962E2602C3B600EC6917 /* MapViewModel.swift */; };
		FAB496322602C49000EC6917 /* FullScreenMap.swift in Sources */ = {isa = PBXBuildFile; fileRef = FAB496312602C49000EC6917 /* FullScreenMap.swift */; };
		FAD19E312603CA01001C5620 /* WorkoutView.swift in Sources */ = {isa = PBXBuildFile; fileRef = FAD19E302603CA01001C5620 /* WorkoutView.swift */; };
		FAD60D2626128A2600C1C8DE /* Futura.ttf in Resources */ = {isa = PBXBuildFile; fileRef = FAD60D2526128A2600C1C8DE /* Futura.ttf */; };
		FAD60D29261294A900C1C8DE /* RBNo2.1a-Medium.otf in Resources */ = {isa = PBXBuildFile; fileRef = FAD60D28261294A900C1C8DE /* RBNo2.1a-Medium.otf */; };
		FAD60D2C261295C800C1C8DE /* RBNo2.1a-Bold.otf in Resources */ = {isa = PBXBuildFile; fileRef = FAD60D2B261295C800C1C8DE /* RBNo2.1a-Bold.otf */; };
		FAD998A32800DC5200CC1AB5 /* CloudKit.framework in Frameworks */ = {isa = PBXBuildFile; fileRef = FAD998A22800DC5200CC1AB5 /* CloudKit.framework */; };
		FAD998A62800DCAD00CC1AB5 /* SavedDevices.xcdatamodeld in Sources */ = {isa = PBXBuildFile; fileRef = FAD998A42800DCAD00CC1AB5 /* SavedDevices.xcdatamodeld */; };
		FAD998A82800E07400CC1AB5 /* Persistence.swift in Sources */ = {isa = PBXBuildFile; fileRef = FAD998A72800E07400CC1AB5 /* Persistence.swift */; };
/* End PBXBuildFile section */

/* Begin PBXFileReference section */
		FA22278227FF5D230024067C /* DefaultSensors.swift */ = {isa = PBXFileReference; lastKnownFileType = sourcecode.swift; path = DefaultSensors.swift; sourceTree = "<group>"; };
		FA22278527FF90C80024067C /* RSSISignalStrength.swift */ = {isa = PBXFileReference; lastKnownFileType = sourcecode.swift; path = RSSISignalStrength.swift; sourceTree = "<group>"; };
		FA22D8BD2602586900D3849C /* Yeehaw.app */ = {isa = PBXFileReference; explicitFileType = wrapper.application; includeInIndex = 0; path = Yeehaw.app; sourceTree = BUILT_PRODUCTS_DIR; };
		FA22D8C02602586900D3849C /* YeehawApp.swift */ = {isa = PBXFileReference; lastKnownFileType = sourcecode.swift; path = YeehawApp.swift; sourceTree = "<group>"; };
		FA22D8C22602586900D3849C /* ContentView.swift */ = {isa = PBXFileReference; lastKnownFileType = sourcecode.swift; path = ContentView.swift; sourceTree = "<group>"; };
		FA22D8C42602586A00D3849C /* Assets.xcassets */ = {isa = PBXFileReference; lastKnownFileType = folder.assetcatalog; path = Assets.xcassets; sourceTree = "<group>"; };
		FA22D8C72602586A00D3849C /* Preview Assets.xcassets */ = {isa = PBXFileReference; lastKnownFileType = folder.assetcatalog; path = "Preview Assets.xcassets"; sourceTree = "<group>"; };
		FA22D8C92602586A00D3849C /* Info.plist */ = {isa = PBXFileReference; lastKnownFileType = text.plist.xml; path = Info.plist; sourceTree = "<group>"; };
		FA22D8D026025AEA00D3849C /* StartWorkoutButton.swift */ = {isa = PBXFileReference; lastKnownFileType = sourcecode.swift; path = StartWorkoutButton.swift; sourceTree = "<group>"; };
		FA22D8DB260276D200D3849C /* BluetoothSensorView.swift */ = {isa = PBXFileReference; lastKnownFileType = sourcecode.swift; path = BluetoothSensorView.swift; sourceTree = "<group>"; };
		FA22D8DE26027CE500D3849C /* MapView.swift */ = {isa = PBXFileReference; lastKnownFileType = sourcecode.swift; path = MapView.swift; sourceTree = "<group>"; };
		FA3AFE9726137ED700B2755E /* LinkedSensorsView.swift */ = {isa = PBXFileReference; lastKnownFileType = sourcecode.swift; path = LinkedSensorsView.swift; sourceTree = "<group>"; };
		FA3AFE9A2613AE0300B2755E /* NewSensorListView.swift */ = {isa = PBXFileReference; lastKnownFileType = sourcecode.swift; path = NewSensorListView.swift; sourceTree = "<group>"; };
		FA3AFE9E2613B03B00B2755E /* BLEManager.swift */ = {isa = PBXFileReference; lastKnownFileType = sourcecode.swift; path = BLEManager.swift; sourceTree = "<group>"; };
		FA3AFEA12613CA5F00B2755E /* AddNewSensorView.swift */ = {isa = PBXFileReference; lastKnownFileType = sourcecode.swift; path = AddNewSensorView.swift; sourceTree = "<group>"; };
		FA4CF799286A9DD800AC071C /* SensorView.swift */ = {isa = PBXFileReference; lastKnownFileType = sourcecode.swift; path = SensorView.swift; sourceTree = "<group>"; };
		FA4CF79B286AA2A700AC071C /* ColorHex.swift */ = {isa = PBXFileReference; lastKnownFileType = sourcecode.swift; path = ColorHex.swift; sourceTree = "<group>"; };
		FA4CF79D286AB91200AC071C /* SensorGrid.swift */ = {isa = PBXFileReference; lastKnownFileType = sourcecode.swift; path = SensorGrid.swift; sourceTree = "<group>"; };
		FA5B89A328049D9200229829 /* SensorSettings.swift */ = {isa = PBXFileReference; lastKnownFileType = sourcecode.swift; path = SensorSettings.swift; sourceTree = "<group>"; };
		FA6BE0EE286B9C9500B37C29 /* StartView.swift */ = {isa = PBXFileReference; lastKnownFileType = sourcecode.swift; path = StartView.swift; sourceTree = "<group>"; };
		FA6BE0F0286BC6FE00B37C29 /* TransitionView.swift */ = {isa = PBXFileReference; lastKnownFileType = sourcecode.swift; path = TransitionView.swift; sourceTree = "<group>"; };
		FA6BE0F2286BC9EB00B37C29 /* ActiveWorkoutView.swift */ = {isa = PBXFileReference; lastKnownFileType = sourcecode.swift; path = ActiveWorkoutView.swift; sourceTree = "<group>"; };
		FA6F989C261BAF9E00A1B905 /* StopWatchManager.swift */ = {isa = PBXFileReference; lastKnownFileType = sourcecode.swift; path = StopWatchManager.swift; sourceTree = "<group>"; };
		FA735C182620FC130057A951 /* MainView.swift */ = {isa = PBXFileReference; lastKnownFileType = sourcecode.swift; path = MainView.swift; sourceTree = "<group>"; };
		FA735C1B2620FDD20057A951 /* History.swift */ = {isa = PBXFileReference; lastKnownFileType = sourcecode.swift; path = History.swift; sourceTree = "<group>"; };
		FA735C1E2620FE3C0057A951 /* Profile.swift */ = {isa = PBXFileReference; lastKnownFileType = sourcecode.swift; path = Profile.swift; sourceTree = "<group>"; };
		FA735C212620FEA10057A951 /* Settings.swift */ = {isa = PBXFileReference; lastKnownFileType = sourcecode.swift; path = Settings.swift; sourceTree = "<group>"; };
		FA771076261E7C690028EAF3 /* LocationHelper.swift */ = {isa = PBXFileReference; lastKnownFileType = sourcecode.swift; path = LocationHelper.swift; sourceTree = "<group>"; };
		FA771079261E7D080028EAF3 /* HealthKitManager.swift */ = {isa = PBXFileReference; lastKnownFileType = sourcecode.swift; path = HealthKitManager.swift; sourceTree = "<group>"; };
		FA771080261EB12F0028EAF3 /* LittleBox.swift */ = {isa = PBXFileReference; lastKnownFileType = sourcecode.swift; path = LittleBox.swift; sourceTree = "<group>"; };
		FAAF11C02616781D003FA489 /* AddNewSensorAnimation.swift */ = {isa = PBXFileReference; lastKnownFileType = sourcecode.swift; path = AddNewSensorAnimation.swift; sourceTree = "<group>"; };
		FAAF11C3261691B4003FA489 /* SaveSensorView.swift */ = {isa = PBXFileReference; lastKnownFileType = sourcecode.swift; path = SaveSensorView.swift; sourceTree = "<group>"; };
		FAB0131A261A75160048BC0C /* Yeehaw.entitlements */ = {isa = PBXFileReference; lastKnownFileType = text.plist.entitlements; path = Yeehaw.entitlements; sourceTree = "<group>"; };
		FAB0131C261A75170048BC0C /* HealthKit.framework */ = {isa = PBXFileReference; lastKnownFileType = wrapper.framework; name = HealthKit.framework; path = System/Library/Frameworks/HealthKit.framework; sourceTree = SDKROOT; };
		FAB4962E2602C3B600EC6917 /* MapViewModel.swift */ = {isa = PBXFileReference; lastKnownFileType = sourcecode.swift; path = MapViewModel.swift; sourceTree = "<group>"; };
		FAB496312602C49000EC6917 /* FullScreenMap.swift */ = {isa = PBXFileReference; lastKnownFileType = sourcecode.swift; path = FullScreenMap.swift; sourceTree = "<group>"; };
		FAD19E302603CA01001C5620 /* WorkoutView.swift */ = {isa = PBXFileReference; lastKnownFileType = sourcecode.swift; path = WorkoutView.swift; sourceTree = "<group>"; };
		FAD60D2526128A2600C1C8DE /* Futura.ttf */ = {isa = PBXFileReference; lastKnownFileType = file; name = Futura.ttf; path = ../../../../../../../Downloads/futura/Futura.ttf; sourceTree = "<group>"; };
		FAD60D28261294A900C1C8DE /* RBNo2.1a-Medium.otf */ = {isa = PBXFileReference; lastKnownFileType = file; name = "RBNo2.1a-Medium.otf"; path = "../../../../../../../Downloads/Wahoo Fitness Corporate-selected-assets/RBNo2.1a-Medium.otf"; sourceTree = "<group>"; };
		FAD60D2B261295C800C1C8DE /* RBNo2.1a-Bold.otf */ = {isa = PBXFileReference; lastKnownFileType = file; name = "RBNo2.1a-Bold.otf"; path = "../../../../../../../Downloads/Wahoo Fitness Corporate-selected-assets/RBNo2.1a-Bold.otf"; sourceTree = "<group>"; };
		FAD998A22800DC5200CC1AB5 /* CloudKit.framework */ = {isa = PBXFileReference; lastKnownFileType = wrapper.framework; name = CloudKit.framework; path = System/Library/Frameworks/CloudKit.framework; sourceTree = SDKROOT; };
		FAD998A52800DCAD00CC1AB5 /* SavedDevices.xcdatamodel */ = {isa = PBXFileReference; lastKnownFileType = wrapper.xcdatamodel; path = SavedDevices.xcdatamodel; sourceTree = "<group>"; };
		FAD998A72800E07400CC1AB5 /* Persistence.swift */ = {isa = PBXFileReference; lastKnownFileType = sourcecode.swift; path = Persistence.swift; sourceTree = "<group>"; };
/* End PBXFileReference section */

/* Begin PBXFrameworksBuildPhase section */
		FA22D8BA2602586900D3849C /* Frameworks */ = {
			isa = PBXFrameworksBuildPhase;
			buildActionMask = 2147483647;
			files = (
				FAB0131D261A75170048BC0C /* HealthKit.framework in Frameworks */,
				FAD998A32800DC5200CC1AB5 /* CloudKit.framework in Frameworks */,
			);
			runOnlyForDeploymentPostprocessing = 0;
		};
/* End PBXFrameworksBuildPhase section */

/* Begin PBXGroup section */
		FA22278427FF83570024067C /* MapKit */ = {
			isa = PBXGroup;
			children = (
				FAB496312602C49000EC6917 /* FullScreenMap.swift */,
				FA22D8DE26027CE500D3849C /* MapView.swift */,
				FAB4962E2602C3B600EC6917 /* MapViewModel.swift */,
				FA771076261E7C690028EAF3 /* LocationHelper.swift */,
			);
			path = MapKit;
			sourceTree = "<group>";
		};
		FA22D8B42602586900D3849C = {
			isa = PBXGroup;
			children = (
				FA6F989B261BAF8400A1B905 /* Stopwatch */,
				FA22D8BF2602586900D3849C /* Yeehaw */,
				FA22D8BE2602586900D3849C /* Products */,
				FAB0131B261A75170048BC0C /* Frameworks */,
			);
			sourceTree = "<group>";
		};
		FA22D8BE2602586900D3849C /* Products */ = {
			isa = PBXGroup;
			children = (
				FA22D8BD2602586900D3849C /* Yeehaw.app */,
			);
			name = Products;
			sourceTree = "<group>";
		};
		FA22D8BF2602586900D3849C /* Yeehaw */ = {
			isa = PBXGroup;
			children = (
				FAB0131A261A75160048BC0C /* Yeehaw.entitlements */,
				FA22D8C02602586900D3849C /* YeehawApp.swift */,
				FA3AFE9D2613B02900B2755E /* BLE */,
				FAD60D24261285D200C1C8DE /* Fonts */,
				FAD19E2E2603C6ED001C5620 /* Buttons */,
				FA735C182620FC130057A951 /* MainView.swift */,
				FA22D8C22602586900D3849C /* ContentView.swift */,
				FA6BE0F0286BC6FE00B37C29 /* TransitionView.swift */,
				FA4CF799286A9DD800AC071C /* SensorView.swift */,
				FA6BE0EE286B9C9500B37C29 /* StartView.swift */,
				FA6BE0F2286BC9EB00B37C29 /* ActiveWorkoutView.swift */,
				FA4CF79D286AB91200AC071C /* SensorGrid.swift */,
				FA4CF79B286AA2A700AC071C /* ColorHex.swift */,
				FA22278227FF5D230024067C /* DefaultSensors.swift */,
				FA5B89A228049B8100229829 /* Sensors */,
				FA3AFE9A2613AE0300B2755E /* NewSensorListView.swift */,
				FAD19E302603CA01001C5620 /* WorkoutView.swift */,
				FA735C212620FEA10057A951 /* Settings.swift */,
				FA735C1E2620FE3C0057A951 /* Profile.swift */,
				FA735C1B2620FDD20057A951 /* History.swift */,
				FA771080261EB12F0028EAF3 /* LittleBox.swift */,
				FAD998A72800E07400CC1AB5 /* Persistence.swift */,
				FA771079261E7D080028EAF3 /* HealthKitManager.swift */,
				FA22278427FF83570024067C /* MapKit */,
				FA22D8C42602586A00D3849C /* Assets.xcassets */,
				FA22D8C92602586A00D3849C /* Info.plist */,
				FA22D8C62602586A00D3849C /* Preview Content */,
				FAD998A42800DCAD00CC1AB5 /* SavedDevices.xcdatamodeld */,
			);
			path = Yeehaw;
			sourceTree = "<group>";
		};
		FA22D8C62602586A00D3849C /* Preview Content */ = {
			isa = PBXGroup;
			children = (
				FA22D8C72602586A00D3849C /* Preview Assets.xcassets */,
			);
			path = "Preview Content";
			sourceTree = "<group>";
		};
		FA3AFE9D2613B02900B2755E /* BLE */ = {
			isa = PBXGroup;
			children = (
				FA3AFE9E2613B03B00B2755E /* BLEManager.swift */,
			);
			path = BLE;
			sourceTree = "<group>";
		};
		FA5B89A228049B8100229829 /* Sensors */ = {
			isa = PBXGroup;
			children = (
				FA3AFE9726137ED700B2755E /* LinkedSensorsView.swift */,
				FA3AFEA12613CA5F00B2755E /* AddNewSensorView.swift */,
				FA22278527FF90C80024067C /* RSSISignalStrength.swift */,
				FAAF11C3261691B4003FA489 /* SaveSensorView.swift */,
				FAAF11C02616781D003FA489 /* AddNewSensorAnimation.swift */,
				FA5B89A328049D9200229829 /* SensorSettings.swift */,
			);
			path = Sensors;
			sourceTree = "<group>";
		};
		FA6F989B261BAF8400A1B905 /* Stopwatch */ = {
			isa = PBXGroup;
			children = (
				FA6F989C261BAF9E00A1B905 /* StopWatchManager.swift */,
			);
			path = Stopwatch;
			sourceTree = "<group>";
		};
		FAB0131B261A75170048BC0C /* Frameworks */ = {
			isa = PBXGroup;
			children = (
				FAD998A22800DC5200CC1AB5 /* CloudKit.framework */,
				FAB0131C261A75170048BC0C /* HealthKit.framework */,
			);
			name = Frameworks;
			sourceTree = "<group>";
		};
		FAD19E2E2603C6ED001C5620 /* Buttons */ = {
			isa = PBXGroup;
			children = (
				FA22D8DB260276D200D3849C /* BluetoothSensorView.swift */,
				FA22D8D026025AEA00D3849C /* StartWorkoutButton.swift */,
			);
			path = Buttons;
			sourceTree = "<group>";
		};
		FAD60D24261285D200C1C8DE /* Fonts */ = {
			isa = PBXGroup;
			children = (
				FAD60D2526128A2600C1C8DE /* Futura.ttf */,
				FAD60D28261294A900C1C8DE /* RBNo2.1a-Medium.otf */,
				FAD60D2B261295C800C1C8DE /* RBNo2.1a-Bold.otf */,
			);
			path = Fonts;
			sourceTree = "<group>";
		};
/* End PBXGroup section */

/* Begin PBXNativeTarget section */
		FA22D8BC2602586900D3849C /* Yeehaw */ = {
			isa = PBXNativeTarget;
			buildConfigurationList = FA22D8CC2602586A00D3849C /* Build configuration list for PBXNativeTarget "Yeehaw" */;
			buildPhases = (
				FA22D8B92602586900D3849C /* Sources */,
				FA22D8BA2602586900D3849C /* Frameworks */,
				FA22D8BB2602586900D3849C /* Resources */,
			);
			buildRules = (
			);
			dependencies = (
			);
			name = Yeehaw;
			productName = Yeehaw;
			productReference = FA22D8BD2602586900D3849C /* Yeehaw.app */;
			productType = "com.apple.product-type.application";
		};
/* End PBXNativeTarget section */

/* Begin PBXProject section */
		FA22D8B52602586900D3849C /* Project object */ = {
			isa = PBXProject;
			attributes = {
				LastSwiftUpdateCheck = 1240;
				LastUpgradeCheck = 1240;
				TargetAttributes = {
					FA22D8BC2602586900D3849C = {
						CreatedOnToolsVersion = 12.4;
					};
				};
			};
			buildConfigurationList = FA22D8B82602586900D3849C /* Build configuration list for PBXProject "Yeehaw" */;
			compatibilityVersion = "Xcode 9.3";
			developmentRegion = en;
			hasScannedForEncodings = 0;
			knownRegions = (
				en,
				Base,
			);
			mainGroup = FA22D8B42602586900D3849C;
			productRefGroup = FA22D8BE2602586900D3849C /* Products */;
			projectDirPath = "";
			projectRoot = "";
			targets = (
				FA22D8BC2602586900D3849C /* Yeehaw */,
			);
		};
/* End PBXProject section */

/* Begin PBXResourcesBuildPhase section */
		FA22D8BB2602586900D3849C /* Resources */ = {
			isa = PBXResourcesBuildPhase;
			buildActionMask = 2147483647;
			files = (
				FA22D8C82602586A00D3849C /* Preview Assets.xcassets in Resources */,
				FA22D8C52602586A00D3849C /* Assets.xcassets in Resources */,
				FAD60D2626128A2600C1C8DE /* Futura.ttf in Resources */,
				FAD60D2C261295C800C1C8DE /* RBNo2.1a-Bold.otf in Resources */,
				FAD60D29261294A900C1C8DE /* RBNo2.1a-Medium.otf in Resources */,
			);
			runOnlyForDeploymentPostprocessing = 0;
		};
/* End PBXResourcesBuildPhase section */

/* Begin PBXSourcesBuildPhase section */
		FA22D8B92602586900D3849C /* Sources */ = {
			isa = PBXSourcesBuildPhase;
			buildActionMask = 2147483647;
			files = (
				FA22D8C32602586900D3849C /* ContentView.swift in Sources */,
				FA4CF79E286AB91200AC071C /* SensorGrid.swift in Sources */,
				FA22278627FF90C80024067C /* RSSISignalStrength.swift in Sources */,
				FA3AFE9826137ED700B2755E /* LinkedSensorsView.swift in Sources */,
				FA771081261EB12F0028EAF3 /* LittleBox.swift in Sources */,
				FA22D8C12602586900D3849C /* YeehawApp.swift in Sources */,
				FA3AFE9B2613AE0300B2755E /* NewSensorListView.swift in Sources */,
				FA3AFE9F2613B03B00B2755E /* BLEManager.swift in Sources */,
				FA6BE0F3286BC9EB00B37C29 /* ActiveWorkoutView.swift in Sources */,
				FAD998A82800E07400CC1AB5 /* Persistence.swift in Sources */,
				FA4CF79A286A9DD800AC071C /* SensorView.swift in Sources */,
				FAAF11C4261691B4003FA489 /* SaveSensorView.swift in Sources */,
				FA735C222620FEA10057A951 /* Settings.swift in Sources */,
				FA22278327FF5D230024067C /* DefaultSensors.swift in Sources */,
				FA771077261E7C690028EAF3 /* LocationHelper.swift in Sources */,
				FA735C1C2620FDD20057A951 /* History.swift in Sources */,
				FA77107A261E7D080028EAF3 /* HealthKitManager.swift in Sources */,
				FA3AFEA22613CA5F00B2755E /* AddNewSensorView.swift in Sources */,
				FAAF11C12616781D003FA489 /* AddNewSensorAnimation.swift in Sources */,
				FA6F989D261BAF9E00A1B905 /* StopWatchManager.swift in Sources */,
				FA735C192620FC130057A951 /* MainView.swift in Sources */,
				FA5B89A428049D9200229829 /* SensorSettings.swift in Sources */,
				FA6BE0F1286BC6FE00B37C29 /* TransitionView.swift in Sources */,
				FAD19E312603CA01001C5620 /* WorkoutView.swift in Sources */,
				FA22D8DF26027CE500D3849C /* MapView.swift in Sources */,
				FA6BE0EF286B9C9500B37C29 /* StartView.swift in Sources */,
				FA22D8D126025AEA00D3849C /* StartWorkoutButton.swift in Sources */,
				FA22D8DC260276D200D3849C /* BluetoothSensorView.swift in Sources */,
				FA735C1F2620FE3C0057A951 /* Profile.swift in Sources */,
				FAD998A62800DCAD00CC1AB5 /* SavedDevices.xcdatamodeld in Sources */,
				FAB4962F2602C3B600EC6917 /* MapViewModel.swift in Sources */,
				FAB496322602C49000EC6917 /* FullScreenMap.swift in Sources */,
				FA4CF79C286AA2A700AC071C /* ColorHex.swift in Sources */,
			);
			runOnlyForDeploymentPostprocessing = 0;
		};
/* End PBXSourcesBuildPhase section */

/* Begin XCBuildConfiguration section */
		FA22D8CA2602586A00D3849C /* Debug */ = {
			isa = XCBuildConfiguration;
			buildSettings = {
				ALWAYS_SEARCH_USER_PATHS = NO;
				CLANG_ANALYZER_NONNULL = YES;
				CLANG_ANALYZER_NUMBER_OBJECT_CONVERSION = YES_AGGRESSIVE;
				CLANG_CXX_LANGUAGE_STANDARD = "gnu++14";
				CLANG_CXX_LIBRARY = "libc++";
				CLANG_ENABLE_MODULES = YES;
				CLANG_ENABLE_OBJC_ARC = YES;
				CLANG_ENABLE_OBJC_WEAK = YES;
				CLANG_WARN_BLOCK_CAPTURE_AUTORELEASING = YES;
				CLANG_WARN_BOOL_CONVERSION = YES;
				CLANG_WARN_COMMA = YES;
				CLANG_WARN_CONSTANT_CONVERSION = YES;
				CLANG_WARN_DEPRECATED_OBJC_IMPLEMENTATIONS = YES;
				CLANG_WARN_DIRECT_OBJC_ISA_USAGE = YES_ERROR;
				CLANG_WARN_DOCUMENTATION_COMMENTS = YES;
				CLANG_WARN_EMPTY_BODY = YES;
				CLANG_WARN_ENUM_CONVERSION = YES;
				CLANG_WARN_INFINITE_RECURSION = YES;
				CLANG_WARN_INT_CONVERSION = YES;
				CLANG_WARN_NON_LITERAL_NULL_CONVERSION = YES;
				CLANG_WARN_OBJC_IMPLICIT_RETAIN_SELF = YES;
				CLANG_WARN_OBJC_LITERAL_CONVERSION = YES;
				CLANG_WARN_OBJC_ROOT_CLASS = YES_ERROR;
				CLANG_WARN_QUOTED_INCLUDE_IN_FRAMEWORK_HEADER = YES;
				CLANG_WARN_RANGE_LOOP_ANALYSIS = YES;
				CLANG_WARN_STRICT_PROTOTYPES = YES;
				CLANG_WARN_SUSPICIOUS_MOVE = YES;
				CLANG_WARN_UNGUARDED_AVAILABILITY = YES_AGGRESSIVE;
				CLANG_WARN_UNREACHABLE_CODE = YES;
				CLANG_WARN__DUPLICATE_METHOD_MATCH = YES;
				COPY_PHASE_STRIP = NO;
				DEBUG_INFORMATION_FORMAT = dwarf;
				ENABLE_STRICT_OBJC_MSGSEND = YES;
				ENABLE_TESTABILITY = YES;
				GCC_C_LANGUAGE_STANDARD = gnu11;
				GCC_DYNAMIC_NO_PIC = NO;
				GCC_NO_COMMON_BLOCKS = YES;
				GCC_OPTIMIZATION_LEVEL = 0;
				GCC_PREPROCESSOR_DEFINITIONS = (
					"DEBUG=1",
					"$(inherited)",
				);
				GCC_WARN_64_TO_32_BIT_CONVERSION = YES;
				GCC_WARN_ABOUT_RETURN_TYPE = YES_ERROR;
				GCC_WARN_UNDECLARED_SELECTOR = YES;
				GCC_WARN_UNINITIALIZED_AUTOS = YES_AGGRESSIVE;
				GCC_WARN_UNUSED_FUNCTION = YES;
				GCC_WARN_UNUSED_VARIABLE = YES;
				IPHONEOS_DEPLOYMENT_TARGET = 14.4;
				MTL_ENABLE_DEBUG_INFO = INCLUDE_SOURCE;
				MTL_FAST_MATH = YES;
				ONLY_ACTIVE_ARCH = YES;
				SDKROOT = iphoneos;
				SWIFT_ACTIVE_COMPILATION_CONDITIONS = DEBUG;
				SWIFT_OPTIMIZATION_LEVEL = "-Onone";
			};
			name = Debug;
		};
		FA22D8CB2602586A00D3849C /* Release */ = {
			isa = XCBuildConfiguration;
			buildSettings = {
				ALWAYS_SEARCH_USER_PATHS = NO;
				CLANG_ANALYZER_NONNULL = YES;
				CLANG_ANALYZER_NUMBER_OBJECT_CONVERSION = YES_AGGRESSIVE;
				CLANG_CXX_LANGUAGE_STANDARD = "gnu++14";
				CLANG_CXX_LIBRARY = "libc++";
				CLANG_ENABLE_MODULES = YES;
				CLANG_ENABLE_OBJC_ARC = YES;
				CLANG_ENABLE_OBJC_WEAK = YES;
				CLANG_WARN_BLOCK_CAPTURE_AUTORELEASING = YES;
				CLANG_WARN_BOOL_CONVERSION = YES;
				CLANG_WARN_COMMA = YES;
				CLANG_WARN_CONSTANT_CONVERSION = YES;
				CLANG_WARN_DEPRECATED_OBJC_IMPLEMENTATIONS = YES;
				CLANG_WARN_DIRECT_OBJC_ISA_USAGE = YES_ERROR;
				CLANG_WARN_DOCUMENTATION_COMMENTS = YES;
				CLANG_WARN_EMPTY_BODY = YES;
				CLANG_WARN_ENUM_CONVERSION = YES;
				CLANG_WARN_INFINITE_RECURSION = YES;
				CLANG_WARN_INT_CONVERSION = YES;
				CLANG_WARN_NON_LITERAL_NULL_CONVERSION = YES;
				CLANG_WARN_OBJC_IMPLICIT_RETAIN_SELF = YES;
				CLANG_WARN_OBJC_LITERAL_CONVERSION = YES;
				CLANG_WARN_OBJC_ROOT_CLASS = YES_ERROR;
				CLANG_WARN_QUOTED_INCLUDE_IN_FRAMEWORK_HEADER = YES;
				CLANG_WARN_RANGE_LOOP_ANALYSIS = YES;
				CLANG_WARN_STRICT_PROTOTYPES = YES;
				CLANG_WARN_SUSPICIOUS_MOVE = YES;
				CLANG_WARN_UNGUARDED_AVAILABILITY = YES_AGGRESSIVE;
				CLANG_WARN_UNREACHABLE_CODE = YES;
				CLANG_WARN__DUPLICATE_METHOD_MATCH = YES;
				COPY_PHASE_STRIP = NO;
				DEBUG_INFORMATION_FORMAT = "dwarf-with-dsym";
				ENABLE_NS_ASSERTIONS = NO;
				ENABLE_STRICT_OBJC_MSGSEND = YES;
				GCC_C_LANGUAGE_STANDARD = gnu11;
				GCC_NO_COMMON_BLOCKS = YES;
				GCC_WARN_64_TO_32_BIT_CONVERSION = YES;
				GCC_WARN_ABOUT_RETURN_TYPE = YES_ERROR;
				GCC_WARN_UNDECLARED_SELECTOR = YES;
				GCC_WARN_UNINITIALIZED_AUTOS = YES_AGGRESSIVE;
				GCC_WARN_UNUSED_FUNCTION = YES;
				GCC_WARN_UNUSED_VARIABLE = YES;
				IPHONEOS_DEPLOYMENT_TARGET = 14.4;
				MTL_ENABLE_DEBUG_INFO = NO;
				MTL_FAST_MATH = YES;
				SDKROOT = iphoneos;
				SWIFT_COMPILATION_MODE = wholemodule;
				SWIFT_OPTIMIZATION_LEVEL = "-O";
				VALIDATE_PRODUCT = YES;
			};
			name = Release;
		};
		FA22D8CD2602586A00D3849C /* Debug */ = {
			isa = XCBuildConfiguration;
			buildSettings = {
				ASSETCATALOG_COMPILER_APPICON_NAME = AppIcon;
				ASSETCATALOG_COMPILER_GLOBAL_ACCENT_COLOR_NAME = AccentColor;
				CODE_SIGN_ENTITLEMENTS = Yeehaw/Yeehaw.entitlements;
				CODE_SIGN_STYLE = Automatic;
				DEVELOPMENT_ASSET_PATHS = "\"Yeehaw/Preview Content\"";
				DEVELOPMENT_TEAM = YVJLT6Y577;
				ENABLE_PREVIEWS = YES;
				INFOPLIST_FILE = Yeehaw/Info.plist;
				IPHONEOS_DEPLOYMENT_TARGET = 15.0;
				LD_RUNPATH_SEARCH_PATHS = (
					"$(inherited)",
					"@executable_path/Frameworks",
				);
				MARKETING_VERSION = 0.1;
				PRODUCT_BUNDLE_IDENTIFIER = HRA.Yeehaw;
				PRODUCT_NAME = "$(TARGET_NAME)";
				SWIFT_VERSION = 5.0;
				TARGETED_DEVICE_FAMILY = 1;
			};
			name = Debug;
		};
		FA22D8CE2602586A00D3849C /* Release */ = {
			isa = XCBuildConfiguration;
			buildSettings = {
				ASSETCATALOG_COMPILER_APPICON_NAME = AppIcon;
				ASSETCATALOG_COMPILER_GLOBAL_ACCENT_COLOR_NAME = AccentColor;
				CODE_SIGN_ENTITLEMENTS = Yeehaw/Yeehaw.entitlements;
				CODE_SIGN_STYLE = Automatic;
				DEVELOPMENT_ASSET_PATHS = "\"Yeehaw/Preview Content\"";
				DEVELOPMENT_TEAM = YVJLT6Y577;
				ENABLE_PREVIEWS = YES;
				INFOPLIST_FILE = Yeehaw/Info.plist;
				IPHONEOS_DEPLOYMENT_TARGET = 15.0;
				LD_RUNPATH_SEARCH_PATHS = (
					"$(inherited)",
					"@executable_path/Frameworks",
				);
				MARKETING_VERSION = 0.1;
				PRODUCT_BUNDLE_IDENTIFIER = HRA.Yeehaw;
				PRODUCT_NAME = "$(TARGET_NAME)";
				SWIFT_VERSION = 5.0;
				TARGETED_DEVICE_FAMILY = 1;
			};
			name = Release;
		};
/* End XCBuildConfiguration section */

/* Begin XCConfigurationList section */
		FA22D8B82602586900D3849C /* Build configuration list for PBXProject "Yeehaw" */ = {
			isa = XCConfigurationList;
			buildConfigurations = (
				FA22D8CA2602586A00D3849C /* Debug */,
				FA22D8CB2602586A00D3849C /* Release */,
			);
			defaultConfigurationIsVisible = 0;
			defaultConfigurationName = Release;
		};
		FA22D8CC2602586A00D3849C /* Build configuration list for PBXNativeTarget "Yeehaw" */ = {
			isa = XCConfigurationList;
			buildConfigurations = (
				FA22D8CD2602586A00D3849C /* Debug */,
				FA22D8CE2602586A00D3849C /* Release */,
			);
			defaultConfigurationIsVisible = 0;
			defaultConfigurationName = Release;
		};
/* End XCConfigurationList section */

/* Begin XCVersionGroup section */
		FAD998A42800DCAD00CC1AB5 /* SavedDevices.xcdatamodeld */ = {
			isa = XCVersionGroup;
			children = (
				FAD998A52800DCAD00CC1AB5 /* SavedDevices.xcdatamodel */,
			);
			currentVersion = FAD998A52800DCAD00CC1AB5 /* SavedDevices.xcdatamodel */;
			path = SavedDevices.xcdatamodeld;
			sourceTree = "<group>";
			versionGroupType = wrapper.xcdatamodel;
		};
/* End XCVersionGroup section */
	};
	rootObject = FA22D8B52602586900D3849C /* Project object */;
}
